{
  "pins" : [
    {
      "identity" : "ciconv",
      "kind" : "remoteSourceControl",
      "location" : "https://github.com/0xfeedface1993/Ciconv.git",
      "state" : {
        "branch" : "main",
        "revision" : "340982897e6e29196a0860319d1bcc8a92e54db9"
      }
    }
  ],
  "version" : 2
}
